// !$*UTF8*$!
{
	archiveVersion = 1;
	classes = {
	};
	objectVersion = 55;
	objects = {

/* Begin PBXBuildFile section */
		A4C63AE02951CF5F0049135F /* AppDelegate.swift in Sources */ = {isa = PBXBuildFile; fileRef = A4C63ADF2951CF5F0049135F /* AppDelegate.swift */; };
		A4C63AE22951CF5F0049135F /* SceneDelegate.swift in Sources */ = {isa = PBXBuildFile; fileRef = A4C63AE12951CF5F0049135F /* SceneDelegate.swift */; };
		A4C63AE92951CF610049135F /* Assets.xcassets in Resources */ = {isa = PBXBuildFile; fileRef = A4C63AE82951CF610049135F /* Assets.xcassets */; };
		A4C63AEC2951CF610049135F /* LaunchScreen.storyboard in Resources */ = {isa = PBXBuildFile; fileRef = A4C63AEA2951CF610049135F /* LaunchScreen.storyboard */; };
		A4C63AFA2951D0220049135F /* TabBarController.swift in Sources */ = {isa = PBXBuildFile; fileRef = A4C63AF92951D0220049135F /* TabBarController.swift */; };
		A4C63AFC2951D0500049135F /* FeedViewController.swift in Sources */ = {isa = PBXBuildFile; fileRef = A4C63AFB2951D0500049135F /* FeedViewController.swift */; };
		A4C63AFE2951D05E0049135F /* PostViewController.swift in Sources */ = {isa = PBXBuildFile; fileRef = A4C63AFD2951D05E0049135F /* PostViewController.swift */; };
		A4C63B002951D0690049135F /* InfoViewController.swift in Sources */ = {isa = PBXBuildFile; fileRef = A4C63AFF2951D0690049135F /* InfoViewController.swift */; };
		A4C63B022951D07C0049135F /* LogInViewController.swift in Sources */ = {isa = PBXBuildFile; fileRef = A4C63B012951D07C0049135F /* LogInViewController.swift */; };
		A4C63B042951D08F0049135F /* ProfileViewController.swift in Sources */ = {isa = PBXBuildFile; fileRef = A4C63B032951D08F0049135F /* ProfileViewController.swift */; };
		A4C63B062951D09A0049135F /* ProfileHeaderView.swift in Sources */ = {isa = PBXBuildFile; fileRef = A4C63B052951D0990049135F /* ProfileHeaderView.swift */; };
		A4C63B082951D0A40049135F /* PostTableViewCell.swift in Sources */ = {isa = PBXBuildFile; fileRef = A4C63B072951D0A40049135F /* PostTableViewCell.swift */; };
		A4C63B0A2951D1140049135F /* Post and StatusText.swift in Sources */ = {isa = PBXBuildFile; fileRef = A4C63B092951D1140049135F /* Post and StatusText.swift */; };
		A4C63B0C2951D1200049135F /* TextFieldWithPadding.swift in Sources */ = {isa = PBXBuildFile; fileRef = A4C63B0B2951D1200049135F /* TextFieldWithPadding.swift */; };
		A4C63B0E2951D1290049135F /* PostView.swift in Sources */ = {isa = PBXBuildFile; fileRef = A4C63B0D2951D1290049135F /* PostView.swift */; };
/* End PBXBuildFile section */

/* Begin PBXFileReference section */
		A4C63ADC2951CF5F0049135F /* Dont work Header for tableView.app */ = {isa = PBXFileReference; explicitFileType = wrapper.application; includeInIndex = 0; path = "Dont work Header for tableView.app"; sourceTree = BUILT_PRODUCTS_DIR; };
		A4C63ADF2951CF5F0049135F /* AppDelegate.swift */ = {isa = PBXFileReference; lastKnownFileType = sourcecode.swift; path = AppDelegate.swift; sourceTree = "<group>"; };
		A4C63AE12951CF5F0049135F /* SceneDelegate.swift */ = {isa = PBXFileReference; lastKnownFileType = sourcecode.swift; path = SceneDelegate.swift; sourceTree = "<group>"; };
		A4C63AE82951CF610049135F /* Assets.xcassets */ = {isa = PBXFileReference; lastKnownFileType = folder.assetcatalog; path = Assets.xcassets; sourceTree = "<group>"; };
		A4C63AEB2951CF610049135F /* Base */ = {isa = PBXFileReference; lastKnownFileType = file.storyboard; name = Base; path = Base.lproj/LaunchScreen.storyboard; sourceTree = "<group>"; };
		A4C63AED2951CF610049135F /* Info.plist */ = {isa = PBXFileReference; lastKnownFileType = text.plist.xml; path = Info.plist; sourceTree = "<group>"; };
		A4C63AF92951D0220049135F /* TabBarController.swift */ = {isa = PBXFileReference; lastKnownFileType = sourcecode.swift; path = TabBarController.swift; sourceTree = "<group>"; };
		A4C63AFB2951D0500049135F /* FeedViewController.swift */ = {isa = PBXFileReference; lastKnownFileType = sourcecode.swift; path = FeedViewController.swift; sourceTree = "<group>"; };
		A4C63AFD2951D05E0049135F /* PostViewController.swift */ = {isa = PBXFileReference; lastKnownFileType = sourcecode.swift; path = PostViewController.swift; sourceTree = "<group>"; };
		A4C63AFF2951D0690049135F /* InfoViewController.swift */ = {isa = PBXFileReference; lastKnownFileType = sourcecode.swift; path = InfoViewController.swift; sourceTree = "<group>"; };
		A4C63B012951D07C0049135F /* LogInViewController.swift */ = {isa = PBXFileReference; lastKnownFileType = sourcecode.swift; path = LogInViewController.swift; sourceTree = "<group>"; };
		A4C63B032951D08F0049135F /* ProfileViewController.swift */ = {isa = PBXFileReference; lastKnownFileType = sourcecode.swift; path = ProfileViewController.swift; sourceTree = "<group>"; };
		A4C63B052951D0990049135F /* ProfileHeaderView.swift */ = {isa = PBXFileReference; lastKnownFileType = sourcecode.swift; path = ProfileHeaderView.swift; sourceTree = "<group>"; };
		A4C63B072951D0A40049135F /* PostTableViewCell.swift */ = {isa = PBXFileReference; lastKnownFileType = sourcecode.swift; path = PostTableViewCell.swift; sourceTree = "<group>"; };
		A4C63B092951D1140049135F /* Post and StatusText.swift */ = {isa = PBXFileReference; lastKnownFileType = sourcecode.swift; path = "Post and StatusText.swift"; sourceTree = "<group>"; };
		A4C63B0B2951D1200049135F /* TextFieldWithPadding.swift */ = {isa = PBXFileReference; lastKnownFileType = sourcecode.swift; path = TextFieldWithPadding.swift; sourceTree = "<group>"; };
		A4C63B0D2951D1290049135F /* PostView.swift */ = {isa = PBXFileReference; lastKnownFileType = sourcecode.swift; path = PostView.swift; sourceTree = "<group>"; };
/* End PBXFileReference section */

/* Begin PBXFrameworksBuildPhase section */
		A4C63AD92951CF5F0049135F /* Frameworks */ = {
			isa = PBXFrameworksBuildPhase;
			buildActionMask = 2147483647;
			files = (
			);
			runOnlyForDeploymentPostprocessing = 0;
		};
/* End PBXFrameworksBuildPhase section */

/* Begin PBXGroup section */
		A4C63AD32951CF5F0049135F = {
			isa = PBXGroup;
			children = (
				A4C63ADE2951CF5F0049135F /* Dont work Header for tableView */,
				A4C63ADD2951CF5F0049135F /* Products */,
			);
			sourceTree = "<group>";
		};
		A4C63ADD2951CF5F0049135F /* Products */ = {
			isa = PBXGroup;
			children = (
				A4C63ADC2951CF5F0049135F /* Dont work Header for tableView.app */,
			);
			name = Products;
			sourceTree = "<group>";
		};
		A4C63ADE2951CF5F0049135F /* Dont work Header for tableView */ = {
			isa = PBXGroup;
			children = (
				A4C63AF52951CFD40049135F /* Data */,
				A4C63AF32951CFBB0049135F /* Aplication */,
				A4C63AF62951CFDD0049135F /* TabBarController */,
				A4C63AF72951CFE90049135F /* FeedVC */,
				A4C63AF82951CFF20049135F /* ProfileVC */,
				A4C63AE82951CF610049135F /* Assets.xcassets */,
				A4C63AEA2951CF610049135F /* LaunchScreen.storyboard */,
				A4C63AED2951CF610049135F /* Info.plist */,
			);
			path = "Dont work Header for tableView";
			sourceTree = "<group>";
		};
		A4C63AF32951CFBB0049135F /* Aplication */ = {
			isa = PBXGroup;
			children = (
				A4C63ADF2951CF5F0049135F /* AppDelegate.swift */,
				A4C63AE12951CF5F0049135F /* SceneDelegate.swift */,
			);
			path = Aplication;
			sourceTree = "<group>";
		};
		A4C63AF52951CFD40049135F /* Data */ = {
			isa = PBXGroup;
			children = (
				A4C63B092951D1140049135F /* Post and StatusText.swift */,
				A4C63B0B2951D1200049135F /* TextFieldWithPadding.swift */,
				A4C63B0D2951D1290049135F /* PostView.swift */,
			);
			path = Data;
			sourceTree = "<group>";
		};
		A4C63AF62951CFDD0049135F /* TabBarController */ = {
			isa = PBXGroup;
			children = (
				A4C63AF92951D0220049135F /* TabBarController.swift */,
			);
			path = TabBarController;
			sourceTree = "<group>";
		};
		A4C63AF72951CFE90049135F /* FeedVC */ = {
			isa = PBXGroup;
			children = (
				A4C63AFB2951D0500049135F /* FeedViewController.swift */,
				A4C63AFD2951D05E0049135F /* PostViewController.swift */,
				A4C63AFF2951D0690049135F /* InfoViewController.swift */,
			);
			path = FeedVC;
			sourceTree = "<group>";
		};
		A4C63AF82951CFF20049135F /* ProfileVC */ = {
			isa = PBXGroup;
			children = (
				A4C63B012951D07C0049135F /* LogInViewController.swift */,
				A4C63B032951D08F0049135F /* ProfileViewController.swift */,
				A4C63B052951D0990049135F /* ProfileHeaderView.swift */,
				A4C63B072951D0A40049135F /* PostTableViewCell.swift */,
			);
			path = ProfileVC;
			sourceTree = "<group>";
		};
/* End PBXGroup section */

/* Begin PBXNativeTarget section */
		A4C63ADB2951CF5F0049135F /* Dont work Header for tableView */ = {
			isa = PBXNativeTarget;
			buildConfigurationList = A4C63AF02951CF610049135F /* Build configuration list for PBXNativeTarget "Dont work Header for tableView" */;
			buildPhases = (
				A4C63AD82951CF5F0049135F /* Sources */,
				A4C63AD92951CF5F0049135F /* Frameworks */,
				A4C63ADA2951CF5F0049135F /* Resources */,
			);
			buildRules = (
			);
			dependencies = (
			);
			name = "Dont work Header for tableView";
			productName = "Dont work Header for tableView";
			productReference = A4C63ADC2951CF5F0049135F /* Dont work Header for tableView.app */;
			productType = "com.apple.product-type.application";
		};
/* End PBXNativeTarget section */

/* Begin PBXProject section */
		A4C63AD42951CF5F0049135F /* Project object */ = {
			isa = PBXProject;
			attributes = {
				BuildIndependentTargetsInParallel = 1;
				LastSwiftUpdateCheck = 1340;
				LastUpgradeCheck = 1340;
				TargetAttributes = {
					A4C63ADB2951CF5F0049135F = {
						CreatedOnToolsVersion = 13.4.1;
					};
				};
			};
			buildConfigurationList = A4C63AD72951CF5F0049135F /* Build configuration list for PBXProject "Dont work Header for tableView" */;
			compatibilityVersion = "Xcode 13.0";
			developmentRegion = en;
			hasScannedForEncodings = 0;
			knownRegions = (
				en,
				Base,
			);
			mainGroup = A4C63AD32951CF5F0049135F;
			productRefGroup = A4C63ADD2951CF5F0049135F /* Products */;
			projectDirPath = "";
			projectRoot = "";
			targets = (
				A4C63ADB2951CF5F0049135F /* Dont work Header for tableView */,
			);
		};
/* End PBXProject section */

/* Begin PBXResourcesBuildPhase section */
		A4C63ADA2951CF5F0049135F /* Resources */ = {
			isa = PBXResourcesBuildPhase;
			buildActionMask = 2147483647;
			files = (
				A4C63AEC2951CF610049135F /* LaunchScreen.storyboard in Resources */,
				A4C63AE92951CF610049135F /* Assets.xcassets in Resources */,
			);
			runOnlyForDeploymentPostprocessing = 0;
		};
/* End PBXResourcesBuildPhase section */

/* Begin PBXSourcesBuildPhase section */
		A4C63AD82951CF5F0049135F /* Sources */ = {
			isa = PBXSourcesBuildPhase;
			buildActionMask = 2147483647;
			files = (
				A4C63AFE2951D05E0049135F /* PostViewController.swift in Sources */,
				A4C63B0C2951D1200049135F /* TextFieldWithPadding.swift in Sources */,
				A4C63AFA2951D0220049135F /* TabBarController.swift in Sources */,
				A4C63B002951D0690049135F /* InfoViewController.swift in Sources */,
				A4C63B022951D07C0049135F /* LogInViewController.swift in Sources */,
				A4C63B0A2951D1140049135F /* Post and StatusText.swift in Sources */,
				A4C63B062951D09A0049135F /* ProfileHeaderView.swift in Sources */,
				A4C63AFC2951D0500049135F /* FeedViewController.swift in Sources */,
				A4C63AE02951CF5F0049135F /* AppDelegate.swift in Sources */,
				A4C63B082951D0A40049135F /* PostTableViewCell.swift in Sources */,
				A4C63B042951D08F0049135F /* ProfileViewController.swift in Sources */,
				A4C63B0E2951D1290049135F /* PostView.swift in Sources */,
				A4C63AE22951CF5F0049135F /* SceneDelegate.swift in Sources */,
			);
			runOnlyForDeploymentPostprocessing = 0;
		};
/* End PBXSourcesBuildPhase section */

/* Begin PBXVariantGroup section */
		A4C63AEA2951CF610049135F /* LaunchScreen.storyboard */ = {
			isa = PBXVariantGroup;
			children = (
				A4C63AEB2951CF610049135F /* Base */,
			);
			name = LaunchScreen.storyboard;
			sourceTree = "<group>";
		};
/* End PBXVariantGroup section */

/* Begin XCBuildConfiguration section */
		A4C63AEE2951CF610049135F /* Debug */ = {
			isa = XCBuildConfiguration;
			buildSettings = {
				ALWAYS_SEARCH_USER_PATHS = NO;
				CLANG_ANALYZER_NONNULL = YES;
				CLANG_ANALYZER_NUMBER_OBJECT_CONVERSION = YES_AGGRESSIVE;
				CLANG_CXX_LANGUAGE_STANDARD = "gnu++17";
				CLANG_ENABLE_MODULES = YES;
				CLANG_ENABLE_OBJC_ARC = YES;
				CLANG_ENABLE_OBJC_WEAK = YES;
				CLANG_WARN_BLOCK_CAPTURE_AUTORELEASING = YES;
				CLANG_WARN_BOOL_CONVERSION = YES;
				CLANG_WARN_COMMA = YES;
				CLANG_WARN_CONSTANT_CONVERSION = YES;
				CLANG_WARN_DEPRECATED_OBJC_IMPLEMENTATIONS = YES;
				CLANG_WARN_DIRECT_OBJC_ISA_USAGE = YES_ERROR;
				CLANG_WARN_DOCUMENTATION_COMMENTS = YES;
				CLANG_WARN_EMPTY_BODY = YES;
				CLANG_WARN_ENUM_CONVERSION = YES;
				CLANG_WARN_INFINITE_RECURSION = YES;
				CLANG_WARN_INT_CONVERSION = YES;
				CLANG_WARN_NON_LITERAL_NULL_CONVERSION = YES;
				CLANG_WARN_OBJC_IMPLICIT_RETAIN_SELF = YES;
				CLANG_WARN_OBJC_LITERAL_CONVERSION = YES;
				CLANG_WARN_OBJC_ROOT_CLASS = YES_ERROR;
				CLANG_WARN_QUOTED_INCLUDE_IN_FRAMEWORK_HEADER = YES;
				CLANG_WARN_RANGE_LOOP_ANALYSIS = YES;
				CLANG_WARN_STRICT_PROTOTYPES = YES;
				CLANG_WARN_SUSPICIOUS_MOVE = YES;
				CLANG_WARN_UNGUARDED_AVAILABILITY = YES_AGGRESSIVE;
				CLANG_WARN_UNREACHABLE_CODE = YES;
				CLANG_WARN__DUPLICATE_METHOD_MATCH = YES;
				COPY_PHASE_STRIP = NO;
				DEBUG_INFORMATION_FORMAT = dwarf;
				ENABLE_STRICT_OBJC_MSGSEND = YES;
				ENABLE_TESTABILITY = YES;
				GCC_C_LANGUAGE_STANDARD = gnu11;
				GCC_DYNAMIC_NO_PIC = NO;
				GCC_NO_COMMON_BLOCKS = YES;
				GCC_OPTIMIZATION_LEVEL = 0;
				GCC_PREPROCESSOR_DEFINITIONS = (
					"DEBUG=1",
					"$(inherited)",
				);
				GCC_WARN_64_TO_32_BIT_CONVERSION = YES;
				GCC_WARN_ABOUT_RETURN_TYPE = YES_ERROR;
				GCC_WARN_UNDECLARED_SELECTOR = YES;
				GCC_WARN_UNINITIALIZED_AUTOS = YES_AGGRESSIVE;
				GCC_WARN_UNUSED_FUNCTION = YES;
				GCC_WARN_UNUSED_VARIABLE = YES;
				IPHONEOS_DEPLOYMENT_TARGET = 15.5;
				MTL_ENABLE_DEBUG_INFO = INCLUDE_SOURCE;
				MTL_FAST_MATH = YES;
				ONLY_ACTIVE_ARCH = YES;
				SDKROOT = iphoneos;
				SWIFT_ACTIVE_COMPILATION_CONDITIONS = DEBUG;
				SWIFT_OPTIMIZATION_LEVEL = "-Onone";
			};
			name = Debug;
		};
		A4C63AEF2951CF610049135F /* Release */ = {
			isa = XCBuildConfiguration;
			buildSettings = {
				ALWAYS_SEARCH_USER_PATHS = NO;
				CLANG_ANALYZER_NONNULL = YES;
				CLANG_ANALYZER_NUMBER_OBJECT_CONVERSION = YES_AGGRESSIVE;
				CLANG_CXX_LANGUAGE_STANDARD = "gnu++17";
				CLANG_ENABLE_MODULES = YES;
				CLANG_ENABLE_OBJC_ARC = YES;
				CLANG_ENABLE_OBJC_WEAK = YES;
				CLANG_WARN_BLOCK_CAPTURE_AUTORELEASING = YES;
				CLANG_WARN_BOOL_CONVERSION = YES;
				CLANG_WARN_COMMA = YES;
				CLANG_WARN_CONSTANT_CONVERSION = YES;
				CLANG_WARN_DEPRECATED_OBJC_IMPLEMENTATIONS = YES;
				CLANG_WARN_DIRECT_OBJC_ISA_USAGE = YES_ERROR;
				CLANG_WARN_DOCUMENTATION_COMMENTS = YES;
				CLANG_WARN_EMPTY_BODY = YES;
				CLANG_WARN_ENUM_CONVERSION = YES;
				CLANG_WARN_INFINITE_RECURSION = YES;
				CLANG_WARN_INT_CONVERSION = YES;
				CLANG_WARN_NON_LITERAL_NULL_CONVERSION = YES;
				CLANG_WARN_OBJC_IMPLICIT_RETAIN_SELF = YES;
				CLANG_WARN_OBJC_LITERAL_CONVERSION = YES;
				CLANG_WARN_OBJC_ROOT_CLASS = YES_ERROR;
				CLANG_WARN_QUOTED_INCLUDE_IN_FRAMEWORK_HEADER = YES;
				CLANG_WARN_RANGE_LOOP_ANALYSIS = YES;
				CLANG_WARN_STRICT_PROTOTYPES = YES;
				CLANG_WARN_SUSPICIOUS_MOVE = YES;
				CLANG_WARN_UNGUARDED_AVAILABILITY = YES_AGGRESSIVE;
				CLANG_WARN_UNREACHABLE_CODE = YES;
				CLANG_WARN__DUPLICATE_METHOD_MATCH = YES;
				COPY_PHASE_STRIP = NO;
				DEBUG_INFORMATION_FORMAT = "dwarf-with-dsym";
				ENABLE_NS_ASSERTIONS = NO;
				ENABLE_STRICT_OBJC_MSGSEND = YES;
				GCC_C_LANGUAGE_STANDARD = gnu11;
				GCC_NO_COMMON_BLOCKS = YES;
				GCC_WARN_64_TO_32_BIT_CONVERSION = YES;
				GCC_WARN_ABOUT_RETURN_TYPE = YES_ERROR;
				GCC_WARN_UNDECLARED_SELECTOR = YES;
				GCC_WARN_UNINITIALIZED_AUTOS = YES_AGGRESSIVE;
				GCC_WARN_UNUSED_FUNCTION = YES;
				GCC_WARN_UNUSED_VARIABLE = YES;
				IPHONEOS_DEPLOYMENT_TARGET = 15.5;
				MTL_ENABLE_DEBUG_INFO = NO;
				MTL_FAST_MATH = YES;
				SDKROOT = iphoneos;
				SWIFT_COMPILATION_MODE = wholemodule;
				SWIFT_OPTIMIZATION_LEVEL = "-O";
				VALIDATE_PRODUCT = YES;
			};
			name = Release;
		};
		A4C63AF12951CF610049135F /* Debug */ = {
			isa = XCBuildConfiguration;
			buildSettings = {
				ASSETCATALOG_COMPILER_APPICON_NAME = AppIcon;
				ASSETCATALOG_COMPILER_GLOBAL_ACCENT_COLOR_NAME = AccentColor;
				CODE_SIGN_STYLE = Automatic;
				CURRENT_PROJECT_VERSION = 1;
				GENERATE_INFOPLIST_FILE = YES;
				INFOPLIST_FILE = "Dont work Header for tableView/Info.plist";
				INFOPLIST_KEY_UIApplicationSupportsIndirectInputEvents = YES;
				INFOPLIST_KEY_UILaunchStoryboardName = LaunchScreen;
				INFOPLIST_KEY_UISupportedInterfaceOrientations_iPad = "UIInterfaceOrientationPortrait UIInterfaceOrientationPortraitUpsideDown UIInterfaceOrientationLandscapeLeft UIInterfaceOrientationLandscapeRight";
				INFOPLIST_KEY_UISupportedInterfaceOrientations_iPhone = "UIInterfaceOrientationPortrait UIInterfaceOrientationLandscapeLeft UIInterfaceOrientationLandscapeRight";
				LD_RUNPATH_SEARCH_PATHS = (
					"$(inherited)",
					"@executable_path/Frameworks",
				);
				MARKETING_VERSION = 1.0;
				PRODUCT_BUNDLE_IDENTIFIER = "is.leason.Dont-work-Header-for-tableView";
				PRODUCT_NAME = "$(TARGET_NAME)";
				SWIFT_EMIT_LOC_STRINGS = YES;
				SWIFT_VERSION = 5.0;
				TARGETED_DEVICE_FAMILY = "1,2";
			};
			name = Debug;
		};
		A4C63AF22951CF610049135F /* Release */ = {
			isa = XCBuildConfiguration;
			buildSettings = {
				ASSETCATALOG_COMPILER_APPICON_NAME = AppIcon;
				ASSETCATALOG_COMPILER_GLOBAL_ACCENT_COLOR_NAME = AccentColor;
				CODE_SIGN_STYLE = Automatic;
				CURRENT_PROJECT_VERSION = 1;
				GENERATE_INFOPLIST_FILE = YES;
				INFOPLIST_FILE = "Dont work Header for tableView/Info.plist";
				INFOPLIST_KEY_UIApplicationSupportsIndirectInputEvents = YES;
				INFOPLIST_KEY_UILaunchStoryboardName = LaunchScreen;
				INFOPLIST_KEY_UISupportedInterfaceOrientations_iPad = "UIInterfaceOrientationPortrait UIInterfaceOrientationPortraitUpsideDown UIInterfaceOrientationLandscapeLeft UIInterfaceOrientationLandscapeRight";
				INFOPLIST_KEY_UISupportedInterfaceOrientations_iPhone = "UIInterfaceOrientationPortrait UIInterfaceOrientationLandscapeLeft UIInterfaceOrientationLandscapeRight";
				LD_RUNPATH_SEARCH_PATHS = (
					"$(inherited)",
					"@executable_path/Frameworks",
				);
				MARKETING_VERSION = 1.0;
				PRODUCT_BUNDLE_IDENTIFIER = "is.leason.Dont-work-Header-for-tableView";
				PRODUCT_NAME = "$(TARGET_NAME)";
				SWIFT_EMIT_LOC_STRINGS = YES;
				SWIFT_VERSION = 5.0;
				TARGETED_DEVICE_FAMILY = "1,2";
			};
			name = Release;
		};
/* End XCBuildConfiguration section */

/* Begin XCConfigurationList section */
		A4C63AD72951CF5F0049135F /* Build configuration list for PBXProject "Dont work Header for tableView" */ = {
			isa = XCConfigurationList;
			buildConfigurations = (
				A4C63AEE2951CF610049135F /* Debug */,
				A4C63AEF2951CF610049135F /* Release */,
			);
			defaultConfigurationIsVisible = 0;
			defaultConfigurationName = Release;
		};
		A4C63AF02951CF610049135F /* Build configuration list for PBXNativeTarget "Dont work Header for tableView" */ = {
			isa = XCConfigurationList;
			buildConfigurations = (
				A4C63AF12951CF610049135F /* Debug */,
				A4C63AF22951CF610049135F /* Release */,
			);
			defaultConfigurationIsVisible = 0;
			defaultConfigurationName = Release;
		};
/* End XCConfigurationList section */
	};
	rootObject = A4C63AD42951CF5F0049135F /* Project object */;
}
